GEM
  remote: http://rubygems.org/
  specs:
    haml (5.2.1)
      temple (>= 0.8.0)
      tilt
    httpclient (2.8.3)
    json (2.5.1-java)
    power_assert (2.0.5)
    progressbar (0.21.0)
    rake (13.0.6)
    rdoc (6.2.0)
    rexml (3.4.1)
    temple (0.8.2)
    test-unit (3.7.0)
      power_assert
    tilt (2.0.10)

PLATFORMS
  java

DEPENDENCIES
  haml
  httpclient
  json
  progressbar
  rake
  rdoc
  rexml (~> 3.4)
  test-unit (~> 3.7)

BUNDLED WITH
   2.6.9
